
Microsoft Visual Studio Solution File, Format Version 12.00
# Visual Studio Version 17
VisualStudioVersion = 17.4.33213.308
MinimumVisualStudioVersion = 10.0.40219.1
Project("{9A19103F-16F7-4668-BE54-9A1E7A4F7556}") = "BikeToWork", "BikeToWork\BikeToWork.csproj", "{7F880BAD-2A61-480C-BEA3-38D432B9A22A}"
EndProject
Global
	GlobalSection(SolutionConfigurationPlatforms) = preSolution
		Debug|Any CPU = Debug|Any CPU
		Release|Any CPU = Release|Any CPU
	EndGlobalSection
	GlobalSection(ProjectConfigurationPlatforms) = postSolution
		{7F880BAD-2A61-480C-BEA3-38D432B9A22A}.Debug|Any CPU.ActiveCfg = Debug|Any CPU
		{7F880BAD-2A61-480C-BEA3-38D432B9A22A}.Debug|Any CPU.Build.0 = Debug|Any CPU
		{7F880BAD-2A61-480C-BEA3-38D432B9A22A}.Release|Any CPU.ActiveCfg = Release|Any CPU
		{7F880BAD-2A61-480C-BEA3-38D432B9A22A}.Release|Any CPU.Build.0 = Release|Any CPU
	EndGlobalSection
	GlobalSection(SolutionProperties) = preSolution
		HideSolutionNode = FALSE
	EndGlobalSection
	GlobalSection(ExtensibilityGlobals) = postSolution
		SolutionGuid = {0662B925-7F50-4926-9805-274988E539AD}
	EndGlobalSection
EndGlobal
